// !$*UTF8*$!
{
	archiveVersion = 1;
	classes = {
	};
	objectVersion = 46;
	objects = {

/* Begin PBXBuildFile section */
		8C06CF9C1C93C0710084AC10 /* MGFCheckInHouseType.m in Sources */ = {isa = PBXBuildFile; fileRef = 8C06CF9B1C93C0710084AC10 /* MGFCheckInHouseType.m */; };
		8C1620AF1BAACA5400E27CE1 /* Usage.m in Sources */ = {isa = PBXBuildFile; fileRef = 8C1620AE1BAACA5400E27CE1 /* Usage.m */; };
		8C16D1161BAA5F6B004A5D3A /* MGFReplaceMobileprovision.m in Sources */ = {isa = PBXBuildFile; fileRef = 8C16D1151BAA5F6B004A5D3A /* MGFReplaceMobileprovision.m */; };
		8C16D1191BAA6508004A5D3A /* MGFParseAppInfo.m in Sources */ = {isa = PBXBuildFile; fileRef = 8C16D1181BAA6508004A5D3A /* MGFParseAppInfo.m */; };
		8C16D11C1BAA6982004A5D3A /* MGFResign.m in Sources */ = {isa = PBXBuildFile; fileRef = 8C16D11B1BAA6982004A5D3A /* MGFResign.m */; };
		8C16D1201BAA9D9A004A5D3A /* MGFCheckCPUConstruction.m in Sources */ = {isa = PBXBuildFile; fileRef = 8C16D11F1BAA9D9A004A5D3A /* MGFCheckCPUConstruction.m */; };
		8C1819C11BCB547F008A075A /* MGFModifyXcent.mm in Sources */ = {isa = PBXBuildFile; fileRef = 8C1819C01BCB547F008A075A /* MGFModifyXcent.mm */; };
		8C37D94C1BC901950058E15E /* MGFParsePlayload.mm in Sources */ = {isa = PBXBuildFile; fileRef = 8C37D94B1BC901950058E15E /* MGFParsePlayload.mm */; };
		8C45AB611BA804CB004F4D7E /* MGFDecodeicon.mm in Sources */ = {isa = PBXBuildFile; fileRef = 8C45AB601BA804CB004F4D7E /* MGFDecodeicon.mm */; };
		8C45AB661BA8132D004F4D7E /* Python.framework in Frameworks */ = {isa = PBXBuildFile; fileRef = 8C45AB651BA8132D004F4D7E /* Python.framework */; };
		8C462EE01C92AE8B00C7198B /* MGFBaseObject.m in Sources */ = {isa = PBXBuildFile; fileRef = 8C462EDF1C92AE8B00C7198B /* MGFBaseObject.m */; };
		8C5079DC1BA6AC33005350DC /* MGFCodeResign.mm in Sources */ = {isa = PBXBuildFile; fileRef = 8C5079DA1BA6AC33005350DC /* MGFCodeResign.mm */; };
		8C5079DD1BA6AC33005350DC /* main.mm in Sources */ = {isa = PBXBuildFile; fileRef = 8C5079DB1BA6AC33005350DC /* main.mm */; };
		8C7BCCA31BABEDEA00FEC67E /* MGFSecurityDecodeMobileProvision.m in Sources */ = {isa = PBXBuildFile; fileRef = 8C7BCCA21BABEDEA00FEC67E /* MGFSecurityDecodeMobileProvision.m */; };
		8CD7CE101BA96F2700F50AB8 /* MGFCheckAvailableCerts.m in Sources */ = {isa = PBXBuildFile; fileRef = 8CD7CE0F1BA96F2700F50AB8 /* MGFCheckAvailableCerts.m */; };
		8CD7CE131BA96F9400F50AB8 /* DebugLog.m in Sources */ = {isa = PBXBuildFile; fileRef = 8CD7CE121BA96F9400F50AB8 /* DebugLog.m */; };
		8CD7CE161BA970AB00F50AB8 /* MGFSharedData.m in Sources */ = {isa = PBXBuildFile; fileRef = 8CD7CE151BA970AB00F50AB8 /* MGFSharedData.m */; };
		8CD7CE191BA975D100F50AB8 /* MGFCheckSystemEnvironments.m in Sources */ = {isa = PBXBuildFile; fileRef = 8CD7CE181BA975D100F50AB8 /* MGFCheckSystemEnvironments.m */; };
		8CD7CE1C1BA9770200F50AB8 /* MGFZipUtils.m in Sources */ = {isa = PBXBuildFile; fileRef = 8CD7CE1B1BA9770200F50AB8 /* MGFZipUtils.m */; };
		8CD7CE1F1BA978A000F50AB8 /* MGFCheckCommandArguments.m in Sources */ = {isa = PBXBuildFile; fileRef = 8CD7CE1E1BA978A000F50AB8 /* MGFCheckCommandArguments.m */; };
/* End PBXBuildFile section */

/* Begin PBXCopyFilesBuildPhase section */
		8C5079CD1BA6ABBB005350DC /* CopyFiles */ = {
			isa = PBXCopyFilesBuildPhase;
			buildActionMask = 2147483647;
			dstPath = /usr/share/man/man1/;
			dstSubfolderSpec = 0;
			files = (
			);
			runOnlyForDeploymentPostprocessing = 1;
		};
/* End PBXCopyFilesBuildPhase section */

/* Begin PBXFileReference section */
		8C06CF9A1C93C0710084AC10 /* MGFCheckInHouseType.h */ = {isa = PBXFileReference; fileEncoding = 4; lastKnownFileType = sourcecode.c.h; path = MGFCheckInHouseType.h; sourceTree = "<group>"; };
		8C06CF9B1C93C0710084AC10 /* MGFCheckInHouseType.m */ = {isa = PBXFileReference; fileEncoding = 4; lastKnownFileType = sourcecode.c.objc; path = MGFCheckInHouseType.m; sourceTree = "<group>"; };
		8C1620AD1BAACA5400E27CE1 /* Usage.h */ = {isa = PBXFileReference; fileEncoding = 4; lastKnownFileType = sourcecode.c.h; path = Usage.h; sourceTree = "<group>"; };
		8C1620AE1BAACA5400E27CE1 /* Usage.m */ = {isa = PBXFileReference; fileEncoding = 4; lastKnownFileType = sourcecode.c.objc; path = Usage.m; sourceTree = "<group>"; };
		8C16D1141BAA5F6B004A5D3A /* MGFReplaceMobileprovision.h */ = {isa = PBXFileReference; fileEncoding = 4; lastKnownFileType = sourcecode.c.h; path = MGFReplaceMobileprovision.h; sourceTree = "<group>"; };
		8C16D1151BAA5F6B004A5D3A /* MGFReplaceMobileprovision.m */ = {isa = PBXFileReference; fileEncoding = 4; lastKnownFileType = sourcecode.c.objc; path = MGFReplaceMobileprovision.m; sourceTree = "<group>"; };
		8C16D1171BAA6508004A5D3A /* MGFParseAppInfo.h */ = {isa = PBXFileReference; fileEncoding = 4; lastKnownFileType = sourcecode.c.h; path = MGFParseAppInfo.h; sourceTree = "<group>"; };
		8C16D1181BAA6508004A5D3A /* MGFParseAppInfo.m */ = {isa = PBXFileReference; fileEncoding = 4; lastKnownFileType = sourcecode.c.objc; path = MGFParseAppInfo.m; sourceTree = "<group>"; };
		8C16D11A1BAA6982004A5D3A /* MGFResign.h */ = {isa = PBXFileReference; fileEncoding = 4; lastKnownFileType = sourcecode.c.h; path = MGFResign.h; sourceTree = "<group>"; };
		8C16D11B1BAA6982004A5D3A /* MGFResign.m */ = {isa = PBXFileReference; fileEncoding = 4; lastKnownFileType = sourcecode.c.objc; path = MGFResign.m; sourceTree = "<group>"; };
		8C16D11E1BAA9D9A004A5D3A /* MGFCheckCPUConstruction.h */ = {isa = PBXFileReference; fileEncoding = 4; lastKnownFileType = sourcecode.c.h; path = MGFCheckCPUConstruction.h; sourceTree = "<group>"; };
		8C16D11F1BAA9D9A004A5D3A /* MGFCheckCPUConstruction.m */ = {isa = PBXFileReference; fileEncoding = 4; lastKnownFileType = sourcecode.c.objc; path = MGFCheckCPUConstruction.m; sourceTree = "<group>"; };
		8C1819BF1BCB547F008A075A /* MGFModifyXcent.h */ = {isa = PBXFileReference; fileEncoding = 4; lastKnownFileType = sourcecode.c.h; path = MGFModifyXcent.h; sourceTree = "<group>"; };
		8C1819C01BCB547F008A075A /* MGFModifyXcent.mm */ = {isa = PBXFileReference; fileEncoding = 4; lastKnownFileType = sourcecode.cpp.objcpp; path = MGFModifyXcent.mm; sourceTree = "<group>"; };
		8C37D94A1BC901950058E15E /* MGFParsePlayload.h */ = {isa = PBXFileReference; fileEncoding = 4; lastKnownFileType = sourcecode.c.h; path = MGFParsePlayload.h; sourceTree = "<group>"; };
		8C37D94B1BC901950058E15E /* MGFParsePlayload.mm */ = {isa = PBXFileReference; fileEncoding = 4; lastKnownFileType = sourcecode.cpp.objcpp; path = MGFParsePlayload.mm; sourceTree = "<group>"; };
		8C45AB5F1BA804CB004F4D7E /* MGFDecodeicon.h */ = {isa = PBXFileReference; fileEncoding = 4; lastKnownFileType = sourcecode.c.h; path = MGFDecodeicon.h; sourceTree = "<group>"; };
		8C45AB601BA804CB004F4D7E /* MGFDecodeicon.mm */ = {isa = PBXFileReference; fileEncoding = 4; lastKnownFileType = sourcecode.cpp.objcpp; path = MGFDecodeicon.mm; sourceTree = "<group>"; };
		8C45AB651BA8132D004F4D7E /* Python.framework */ = {isa = PBXFileReference; lastKnownFileType = wrapper.framework; name = Python.framework; path = System/Library/Frameworks/Python.framework; sourceTree = SDKROOT; };
		8C462ED81C927DE600C7198B /* MGFCodeResignDelegate.h */ = {isa = PBXFileReference; fileEncoding = 4; lastKnownFileType = sourcecode.c.h; path = MGFCodeResignDelegate.h; sourceTree = "<group>"; };
		8C462EDE1C92AE8B00C7198B /* MGFBaseObject.h */ = {isa = PBXFileReference; fileEncoding = 4; lastKnownFileType = sourcecode.c.h; path = MGFBaseObject.h; sourceTree = "<group>"; };
		8C462EDF1C92AE8B00C7198B /* MGFBaseObject.m */ = {isa = PBXFileReference; fileEncoding = 4; lastKnownFileType = sourcecode.c.objc; path = MGFBaseObject.m; sourceTree = "<group>"; };
		8C5079CF1BA6ABBB005350DC /* coderesign */ = {isa = PBXFileReference; explicitFileType = "compiled.mach-o.executable"; includeInIndex = 0; path = coderesign; sourceTree = BUILT_PRODUCTS_DIR; };
		8C5079D91BA6AC33005350DC /* MGFCodeResign.h */ = {isa = PBXFileReference; fileEncoding = 4; lastKnownFileType = sourcecode.c.h; path = MGFCodeResign.h; sourceTree = "<group>"; };
		8C5079DA1BA6AC33005350DC /* MGFCodeResign.mm */ = {isa = PBXFileReference; fileEncoding = 4; lastKnownFileType = sourcecode.cpp.objcpp; path = MGFCodeResign.mm; sourceTree = "<group>"; };
		8C5079DB1BA6AC33005350DC /* main.mm */ = {isa = PBXFileReference; fileEncoding = 4; lastKnownFileType = sourcecode.cpp.objcpp; path = main.mm; sourceTree = "<group>"; };
		8C7BCCA11BABEDEA00FEC67E /* MGFSecurityDecodeMobileProvision.h */ = {isa = PBXFileReference; fileEncoding = 4; lastKnownFileType = sourcecode.c.h; path = MGFSecurityDecodeMobileProvision.h; sourceTree = "<group>"; };
		8C7BCCA21BABEDEA00FEC67E /* MGFSecurityDecodeMobileProvision.m */ = {isa = PBXFileReference; fileEncoding = 4; lastKnownFileType = sourcecode.c.objc; path = MGFSecurityDecodeMobileProvision.m; sourceTree = "<group>"; };
		8C868BE11BCCB91B00DDFAAA /* coderesign.pch */ = {isa = PBXFileReference; lastKnownFileType = sourcecode.c.h; path = coderesign.pch; sourceTree = "<group>"; };
		8CD7CE0E1BA96F2700F50AB8 /* MGFCheckAvailableCerts.h */ = {isa = PBXFileReference; fileEncoding = 4; lastKnownFileType = sourcecode.c.h; path = MGFCheckAvailableCerts.h; sourceTree = "<group>"; };
		8CD7CE0F1BA96F2700F50AB8 /* MGFCheckAvailableCerts.m */ = {isa = PBXFileReference; fileEncoding = 4; lastKnownFileType = sourcecode.c.objc; path = MGFCheckAvailableCerts.m; sourceTree = "<group>"; };
		8CD7CE111BA96F9400F50AB8 /* DebugLog.h */ = {isa = PBXFileReference; fileEncoding = 4; lastKnownFileType = sourcecode.c.h; path = DebugLog.h; sourceTree = "<group>"; };
		8CD7CE121BA96F9400F50AB8 /* DebugLog.m */ = {isa = PBXFileReference; fileEncoding = 4; lastKnownFileType = sourcecode.c.objc; path = DebugLog.m; sourceTree = "<group>"; };
		8CD7CE141BA970AB00F50AB8 /* MGFSharedData.h */ = {isa = PBXFileReference; fileEncoding = 4; lastKnownFileType = sourcecode.c.h; path = MGFSharedData.h; sourceTree = "<group>"; };
		8CD7CE151BA970AB00F50AB8 /* MGFSharedData.m */ = {isa = PBXFileReference; fileEncoding = 4; lastKnownFileType = sourcecode.c.objc; path = MGFSharedData.m; sourceTree = "<group>"; };
		8CD7CE171BA975D100F50AB8 /* MGFCheckSystemEnvironments.h */ = {isa = PBXFileReference; fileEncoding = 4; lastKnownFileType = sourcecode.c.h; path = MGFCheckSystemEnvironments.h; sourceTree = "<group>"; };
		8CD7CE181BA975D100F50AB8 /* MGFCheckSystemEnvironments.m */ = {isa = PBXFileReference; fileEncoding = 4; lastKnownFileType = sourcecode.c.objc; path = MGFCheckSystemEnvironments.m; sourceTree = "<group>"; };
		8CD7CE1A1BA9770200F50AB8 /* MGFZipUtils.h */ = {isa = PBXFileReference; fileEncoding = 4; lastKnownFileType = sourcecode.c.h; path = MGFZipUtils.h; sourceTree = "<group>"; };
		8CD7CE1B1BA9770200F50AB8 /* MGFZipUtils.m */ = {isa = PBXFileReference; fileEncoding = 4; lastKnownFileType = sourcecode.c.objc; path = MGFZipUtils.m; sourceTree = "<group>"; };
		8CD7CE1D1BA978A000F50AB8 /* MGFCheckCommandArguments.h */ = {isa = PBXFileReference; fileEncoding = 4; lastKnownFileType = sourcecode.c.h; path = MGFCheckCommandArguments.h; sourceTree = "<group>"; };
		8CD7CE1E1BA978A000F50AB8 /* MGFCheckCommandArguments.m */ = {isa = PBXFileReference; fileEncoding = 4; lastKnownFileType = sourcecode.c.objc; path = MGFCheckCommandArguments.m; sourceTree = "<group>"; };
/* End PBXFileReference section */

/* Begin PBXFrameworksBuildPhase section */
		8C5079CC1BA6ABBB005350DC /* Frameworks */ = {
			isa = PBXFrameworksBuildPhase;
			buildActionMask = 2147483647;
			files = (
				8C45AB661BA8132D004F4D7E /* Python.framework in Frameworks */,
			);
			runOnlyForDeploymentPostprocessing = 0;
		};
/* End PBXFrameworksBuildPhase section */

/* Begin PBXGroup section */
		8C06CF991C93C0500084AC10 /* CheckInHouseType */ = {
			isa = PBXGroup;
			children = (
				8C06CF9A1C93C0710084AC10 /* MGFCheckInHouseType.h */,
				8C06CF9B1C93C0710084AC10 /* MGFCheckInHouseType.m */,
			);
			name = CheckInHouseType;
			sourceTree = "<group>";
		};
		8C06CF9D1C93D1BC0084AC10 /* ParseAppInfo */ = {
			isa = PBXGroup;
			children = (
				8C16D1171BAA6508004A5D3A /* MGFParseAppInfo.h */,
				8C16D1181BAA6508004A5D3A /* MGFParseAppInfo.m */,
			);
			name = ParseAppInfo;
			sourceTree = "<group>";
		};
		8C3EAE301C93E6EF00F35BF5 /* CheckCPU */ = {
			isa = PBXGroup;
			children = (
				8C16D11E1BAA9D9A004A5D3A /* MGFCheckCPUConstruction.h */,
				8C16D11F1BAA9D9A004A5D3A /* MGFCheckCPUConstruction.m */,
			);
			name = CheckCPU;
			sourceTree = "<group>";
		};
		8C3EAE311C94101C00F35BF5 /* ModifyArchivedXcent */ = {
			isa = PBXGroup;
			children = (
				8C1819BF1BCB547F008A075A /* MGFModifyXcent.h */,
				8C1819C01BCB547F008A075A /* MGFModifyXcent.mm */,
			);
			name = ModifyArchivedXcent;
			sourceTree = "<group>";
		};
		8C462ECD1C9276AF00C7198B /* SystemEnvironments */ = {
			isa = PBXGroup;
			children = (
				8CD7CE171BA975D100F50AB8 /* MGFCheckSystemEnvironments.h */,
				8CD7CE181BA975D100F50AB8 /* MGFCheckSystemEnvironments.m */,
			);
			name = SystemEnvironments;
			sourceTree = "<group>";
		};
		8C462ECE1C9276D500C7198B /* SecurityDecodeEntitlements */ = {
			isa = PBXGroup;
			children = (
				8C7BCCA11BABEDEA00FEC67E /* MGFSecurityDecodeMobileProvision.h */,
				8C7BCCA21BABEDEA00FEC67E /* MGFSecurityDecodeMobileProvision.m */,
			);
			name = SecurityDecodeEntitlements;
			sourceTree = "<group>";
		};
		8C462ECF1C9276F000C7198B /* FilterCommandArguments */ = {
			isa = PBXGroup;
			children = (
				8CD7CE1D1BA978A000F50AB8 /* MGFCheckCommandArguments.h */,
				8CD7CE1E1BA978A000F50AB8 /* MGFCheckCommandArguments.m */,
			);
			name = FilterCommandArguments;
			sourceTree = "<group>";
		};
		8C462ED01C92770B00C7198B /* Certificates */ = {
			isa = PBXGroup;
			children = (
				8CD7CE0E1BA96F2700F50AB8 /* MGFCheckAvailableCerts.h */,
				8CD7CE0F1BA96F2700F50AB8 /* MGFCheckAvailableCerts.m */,
			);
			name = Certificates;
			sourceTree = "<group>";
		};
		8C462ED11C92773800C7198B /* ZipUnZip */ = {
			isa = PBXGroup;
			children = (
				8CD7CE1A1BA9770200F50AB8 /* MGFZipUtils.h */,
				8CD7CE1B1BA9770200F50AB8 /* MGFZipUtils.m */,
			);
			name = ZipUnZip;
			sourceTree = "<group>";
		};
		8C462ED21C92774B00C7198B /* ParsePlayload */ = {
			isa = PBXGroup;
			children = (
				8C37D94A1BC901950058E15E /* MGFParsePlayload.h */,
				8C37D94B1BC901950058E15E /* MGFParsePlayload.mm */,
			);
			name = ParsePlayload;
			sourceTree = "<group>";
		};
		8C462ED31C92776E00C7198B /* ReplaceMobileProvision */ = {
			isa = PBXGroup;
			children = (
				8C16D1141BAA5F6B004A5D3A /* MGFReplaceMobileprovision.h */,
				8C16D1151BAA5F6B004A5D3A /* MGFReplaceMobileprovision.m */,
			);
			name = ReplaceMobileProvision;
			sourceTree = "<group>";
		};
		8C462ED41C92779700C7198B /* Resign */ = {
			isa = PBXGroup;
			children = (
				8C16D11A1BAA6982004A5D3A /* MGFResign.h */,
				8C16D11B1BAA6982004A5D3A /* MGFResign.m */,
			);
			name = Resign;
			sourceTree = "<group>";
		};
		8C462ED51C9277A700C7198B /* SharedModel */ = {
			isa = PBXGroup;
			children = (
				8CD7CE141BA970AB00F50AB8 /* MGFSharedData.h */,
				8CD7CE151BA970AB00F50AB8 /* MGFSharedData.m */,
			);
			name = SharedModel;
			sourceTree = "<group>";
		};
		8C462ED61C9277CB00C7198B /* DecodeICON */ = {
			isa = PBXGroup;
			children = (
				8C45AB5F1BA804CB004F4D7E /* MGFDecodeicon.h */,
				8C45AB601BA804CB004F4D7E /* MGFDecodeicon.mm */,
			);
			name = DecodeICON;
			sourceTree = "<group>";
		};
		8C462ED71C92785900C7198B /* DelegateCenter */ = {
			isa = PBXGroup;
			children = (
				8C462ED81C927DE600C7198B /* MGFCodeResignDelegate.h */,
			);
			name = DelegateCenter;
			sourceTree = "<group>";
		};
		8C462EE11C92AE9400C7198B /* Base */ = {
			isa = PBXGroup;
			children = (
				8C462EDE1C92AE8B00C7198B /* MGFBaseObject.h */,
				8C462EDF1C92AE8B00C7198B /* MGFBaseObject.m */,
			);
			name = Base;
			sourceTree = "<group>";
		};
		8C5079C61BA6ABBB005350DC = {
			isa = PBXGroup;
			children = (
				8CD7CE0D1BA96E5000F50AB8 /* frameworks */,
				8C5079D11BA6ABBB005350DC /* coderesign */,
				8C5079D01BA6ABBB005350DC /* Products */,
			);
			sourceTree = "<group>";
		};
		8C5079D01BA6ABBB005350DC /* Products */ = {
			isa = PBXGroup;
			children = (
				8C5079CF1BA6ABBB005350DC /* coderesign */,
			);
			name = Products;
			sourceTree = "<group>";
		};
		8C5079D11BA6ABBB005350DC /* coderesign */ = {
			isa = PBXGroup;
			children = (
				8C5079DB1BA6AC33005350DC /* main.mm */,
				8C5079D91BA6AC33005350DC /* MGFCodeResign.h */,
				8C5079DA1BA6AC33005350DC /* MGFCodeResign.mm */,
				8C462EE11C92AE9400C7198B /* Base */,
				8C462ED71C92785900C7198B /* DelegateCenter */,
				8C462ECF1C9276F000C7198B /* FilterCommandArguments */,
				8C462ECD1C9276AF00C7198B /* SystemEnvironments */,
				8C462ED01C92770B00C7198B /* Certificates */,
				8C462ECE1C9276D500C7198B /* SecurityDecodeEntitlements */,
				8C462ED11C92773800C7198B /* ZipUnZip */,
				8C06CF991C93C0500084AC10 /* CheckInHouseType */,
				8C462ED21C92774B00C7198B /* ParsePlayload */,
				8C462ED31C92776E00C7198B /* ReplaceMobileProvision */,
				8C06CF9D1C93D1BC0084AC10 /* ParseAppInfo */,
				8C3EAE301C93E6EF00F35BF5 /* CheckCPU */,
				8C462ED51C9277A700C7198B /* SharedModel */,
				8C462ED41C92779700C7198B /* Resign */,
				8C462ED61C9277CB00C7198B /* DecodeICON */,
				8C3EAE311C94101C00F35BF5 /* ModifyArchivedXcent */,
				8CD7CE111BA96F9400F50AB8 /* DebugLog.h */,
				8CD7CE121BA96F9400F50AB8 /* DebugLog.m */,
				8C1620AD1BAACA5400E27CE1 /* Usage.h */,
				8C1620AE1BAACA5400E27CE1 /* Usage.m */,
				8C868BE11BCCB91B00DDFAAA /* coderesign.pch */,
			);
			path = coderesign;
			sourceTree = "<group>";
		};
		8CD7CE0D1BA96E5000F50AB8 /* frameworks */ = {
			isa = PBXGroup;
			children = (
				8C45AB651BA8132D004F4D7E /* Python.framework */,
			);
			name = frameworks;
			sourceTree = "<group>";
		};
/* End PBXGroup section */

/* Begin PBXNativeTarget section */
		8C5079CE1BA6ABBB005350DC /* coderesign */ = {
			isa = PBXNativeTarget;
			buildConfigurationList = 8C5079D61BA6ABBB005350DC /* Build configuration list for PBXNativeTarget "coderesign" */;
			buildPhases = (
				8C5079CB1BA6ABBB005350DC /* Sources */,
				8C5079CC1BA6ABBB005350DC /* Frameworks */,
				8C5079CD1BA6ABBB005350DC /* CopyFiles */,
				8C45AB631BA81095004F4D7E /* Resources */,
			);
			buildRules = (
			);
			dependencies = (
			);
			name = coderesign;
			productName = coderesign;
			productReference = 8C5079CF1BA6ABBB005350DC /* coderesign */;
			productType = "com.apple.product-type.tool";
		};
/* End PBXNativeTarget section */

/* Begin PBXProject section */
		8C5079C71BA6ABBB005350DC /* Project object */ = {
			isa = PBXProject;
			attributes = {
				LastUpgradeCheck = 0700;
				ORGANIZATIONNAME = MiaoGuangfa;
				TargetAttributes = {
					8C5079CE1BA6ABBB005350DC = {
						CreatedOnToolsVersion = 6.4;
					};
				};
			};
			buildConfigurationList = 8C5079CA1BA6ABBB005350DC /* Build configuration list for PBXProject "coderesign" */;
			compatibilityVersion = "Xcode 3.2";
			developmentRegion = English;
			hasScannedForEncodings = 0;
			knownRegions = (
				en,
			);
			mainGroup = 8C5079C61BA6ABBB005350DC;
			productRefGroup = 8C5079D01BA6ABBB005350DC /* Products */;
			projectDirPath = "";
			projectRoot = "";
			targets = (
				8C5079CE1BA6ABBB005350DC /* coderesign */,
			);
		};
/* End PBXProject section */

/* Begin PBXResourcesBuildPhase section */
		8C45AB631BA81095004F4D7E /* Resources */ = {
			isa = PBXResourcesBuildPhase;
			buildActionMask = 2147483647;
			files = (
			);
			runOnlyForDeploymentPostprocessing = 0;
		};
/* End PBXResourcesBuildPhase section */

/* Begin PBXSourcesBuildPhase section */
		8C5079CB1BA6ABBB005350DC /* Sources */ = {
			isa = PBXSourcesBuildPhase;
			buildActionMask = 2147483647;
			files = (
				8C16D1191BAA6508004A5D3A /* MGFParseAppInfo.m in Sources */,
				8CD7CE101BA96F2700F50AB8 /* MGFCheckAvailableCerts.m in Sources */,
				8CD7CE1C1BA9770200F50AB8 /* MGFZipUtils.m in Sources */,
				8C7BCCA31BABEDEA00FEC67E /* MGFSecurityDecodeMobileProvision.m in Sources */,
				8CD7CE191BA975D100F50AB8 /* MGFCheckSystemEnvironments.m in Sources */,
				8C16D1201BAA9D9A004A5D3A /* MGFCheckCPUConstruction.m in Sources */,
				8C1620AF1BAACA5400E27CE1 /* Usage.m in Sources */,
				8C06CF9C1C93C0710084AC10 /* MGFCheckInHouseType.m in Sources */,
				8CD7CE1F1BA978A000F50AB8 /* MGFCheckCommandArguments.m in Sources */,
				8C5079DD1BA6AC33005350DC /* main.mm in Sources */,
				8CD7CE131BA96F9400F50AB8 /* DebugLog.m in Sources */,
				8C462EE01C92AE8B00C7198B /* MGFBaseObject.m in Sources */,
				8C16D11C1BAA6982004A5D3A /* MGFResign.m in Sources */,
				8C37D94C1BC901950058E15E /* MGFParsePlayload.mm in Sources */,
				8C5079DC1BA6AC33005350DC /* MGFCodeResign.mm in Sources */,
				8C1819C11BCB547F008A075A /* MGFModifyXcent.mm in Sources */,
				8CD7CE161BA970AB00F50AB8 /* MGFSharedData.m in Sources */,
				8C16D1161BAA5F6B004A5D3A /* MGFReplaceMobileprovision.m in Sources */,
				8C45AB611BA804CB004F4D7E /* MGFDecodeicon.mm in Sources */,
			);
			runOnlyForDeploymentPostprocessing = 0;
		};
/* End PBXSourcesBuildPhase section */

/* Begin XCBuildConfiguration section */
		8C5079D41BA6ABBB005350DC /* Debug */ = {
			isa = XCBuildConfiguration;
			buildSettings = {
				ALWAYS_SEARCH_USER_PATHS = NO;
				CLANG_CXX_LANGUAGE_STANDARD = "gnu++0x";
				CLANG_CXX_LIBRARY = "libc++";
				CLANG_ENABLE_MODULES = YES;
				CLANG_ENABLE_OBJC_ARC = YES;
				CLANG_WARN_BOOL_CONVERSION = YES;
				CLANG_WARN_CONSTANT_CONVERSION = YES;
				CLANG_WARN_DIRECT_OBJC_ISA_USAGE = YES_ERROR;
				CLANG_WARN_EMPTY_BODY = YES;
				CLANG_WARN_ENUM_CONVERSION = YES;
				CLANG_WARN_INT_CONVERSION = YES;
				CLANG_WARN_OBJC_ROOT_CLASS = YES_ERROR;
				CLANG_WARN_UNREACHABLE_CODE = YES;
				CLANG_WARN__DUPLICATE_METHOD_MATCH = YES;
				COPY_PHASE_STRIP = NO;
				DEBUG_INFORMATION_FORMAT = dwarf;
				ENABLE_STRICT_OBJC_MSGSEND = YES;
				ENABLE_TESTABILITY = YES;
				GCC_C_LANGUAGE_STANDARD = gnu99;
				GCC_DYNAMIC_NO_PIC = NO;
				GCC_NO_COMMON_BLOCKS = YES;
				GCC_OPTIMIZATION_LEVEL = 0;
				GCC_PREPROCESSOR_DEFINITIONS = (
					"DEBUG=1",
					"$(inherited)",
				);
				GCC_SYMBOLS_PRIVATE_EXTERN = NO;
				GCC_WARN_64_TO_32_BIT_CONVERSION = YES;
				GCC_WARN_ABOUT_RETURN_TYPE = YES_ERROR;
				GCC_WARN_UNDECLARED_SELECTOR = YES;
				GCC_WARN_UNINITIALIZED_AUTOS = YES_AGGRESSIVE;
				GCC_WARN_UNUSED_FUNCTION = YES;
				GCC_WARN_UNUSED_VARIABLE = YES;
				MACOSX_DEPLOYMENT_TARGET = 10.10;
				MTL_ENABLE_DEBUG_INFO = YES;
				ONLY_ACTIVE_ARCH = YES;
				SDKROOT = macosx;
			};
			name = Debug;
		};
		8C5079D51BA6ABBB005350DC /* Release */ = {
			isa = XCBuildConfiguration;
			buildSettings = {
				ALWAYS_SEARCH_USER_PATHS = NO;
				CLANG_CXX_LANGUAGE_STANDARD = "gnu++0x";
				CLANG_CXX_LIBRARY = "libc++";
				CLANG_ENABLE_MODULES = YES;
				CLANG_ENABLE_OBJC_ARC = YES;
				CLANG_WARN_BOOL_CONVERSION = YES;
				CLANG_WARN_CONSTANT_CONVERSION = YES;
				CLANG_WARN_DIRECT_OBJC_ISA_USAGE = YES_ERROR;
				CLANG_WARN_EMPTY_BODY = YES;
				CLANG_WARN_ENUM_CONVERSION = YES;
				CLANG_WARN_INT_CONVERSION = YES;
				CLANG_WARN_OBJC_ROOT_CLASS = YES_ERROR;
				CLANG_WARN_UNREACHABLE_CODE = YES;
				CLANG_WARN__DUPLICATE_METHOD_MATCH = YES;
				COPY_PHASE_STRIP = NO;
				DEBUG_INFORMATION_FORMAT = "dwarf-with-dsym";
				ENABLE_NS_ASSERTIONS = NO;
				ENABLE_STRICT_OBJC_MSGSEND = YES;
				GCC_C_LANGUAGE_STANDARD = gnu99;
				GCC_NO_COMMON_BLOCKS = YES;
				GCC_WARN_64_TO_32_BIT_CONVERSION = YES;
				GCC_WARN_ABOUT_RETURN_TYPE = YES_ERROR;
				GCC_WARN_UNDECLARED_SELECTOR = YES;
				GCC_WARN_UNINITIALIZED_AUTOS = YES_AGGRESSIVE;
				GCC_WARN_UNUSED_FUNCTION = YES;
				GCC_WARN_UNUSED_VARIABLE = YES;
				MACOSX_DEPLOYMENT_TARGET = 10.10;
				MTL_ENABLE_DEBUG_INFO = NO;
				SDKROOT = macosx;
			};
			name = Release;
		};
		8C5079D71BA6ABBB005350DC /* Debug */ = {
			isa = XCBuildConfiguration;
			buildSettings = {
				GCC_PRECOMPILE_PREFIX_HEADER = YES;
				GCC_PREFIX_HEADER = "$(SRCROOT)/coderesign/coderesign.pch";
				PRODUCT_NAME = "$(TARGET_NAME)";
			};
			name = Debug;
		};
		8C5079D81BA6ABBB005350DC /* Release */ = {
			isa = XCBuildConfiguration;
			buildSettings = {
				GCC_PRECOMPILE_PREFIX_HEADER = YES;
				GCC_PREFIX_HEADER = "$(SRCROOT)/coderesign/coderesign.pch";
				PRODUCT_NAME = "$(TARGET_NAME)";
			};
			name = Release;
		};
/* End XCBuildConfiguration section */

/* Begin XCConfigurationList section */
		8C5079CA1BA6ABBB005350DC /* Build configuration list for PBXProject "coderesign" */ = {
			isa = XCConfigurationList;
			buildConfigurations = (
				8C5079D41BA6ABBB005350DC /* Debug */,
				8C5079D51BA6ABBB005350DC /* Release */,
			);
			defaultConfigurationIsVisible = 0;
			defaultConfigurationName = Release;
		};
		8C5079D61BA6ABBB005350DC /* Build configuration list for PBXNativeTarget "coderesign" */ = {
			isa = XCConfigurationList;
			buildConfigurations = (
				8C5079D71BA6ABBB005350DC /* Debug */,
				8C5079D81BA6ABBB005350DC /* Release */,
			);
			defaultConfigurationIsVisible = 0;
			defaultConfigurationName = Release;
		};
/* End XCConfigurationList section */
	};
	rootObject = 8C5079C71BA6ABBB005350DC /* Project object */;
}
