// !$*UTF8*$!
{
	archiveVersion = 1;
	classes = {
	};
	objectVersion = 46;
	objects = {

/* Begin PBXBuildFile section */
		8C1620AF1BAACA5400E27CE1 /* Usage.m in Sources */ = {isa = PBXBuildFile; fileRef = 8C1620AE1BAACA5400E27CE1 /* Usage.m */; };
		8C16D1161BAA5F6B004A5D3A /* replaceMobileprovision.m in Sources */ = {isa = PBXBuildFile; fileRef = 8C16D1151BAA5F6B004A5D3A /* replaceMobileprovision.m */; };
		8C16D1191BAA6508004A5D3A /* parseAppInfo.m in Sources */ = {isa = PBXBuildFile; fileRef = 8C16D1181BAA6508004A5D3A /* parseAppInfo.m */; };
		8C16D11C1BAA6982004A5D3A /* resignAction.m in Sources */ = {isa = PBXBuildFile; fileRef = 8C16D11B1BAA6982004A5D3A /* resignAction.m */; };
		8C16D1201BAA9D9A004A5D3A /* checkAppCPUConstruction.m in Sources */ = {isa = PBXBuildFile; fileRef = 8C16D11F1BAA9D9A004A5D3A /* checkAppCPUConstruction.m */; };
		8C45AB611BA804CB004F4D7E /* decompressIcon.mm in Sources */ = {isa = PBXBuildFile; fileRef = 8C45AB601BA804CB004F4D7E /* decompressIcon.mm */; };
		8C45AB661BA8132D004F4D7E /* Python.framework in Frameworks */ = {isa = PBXBuildFile; fileRef = 8C45AB651BA8132D004F4D7E /* Python.framework */; };
		8C5079DC1BA6AC33005350DC /* coderesign.mm in Sources */ = {isa = PBXBuildFile; fileRef = 8C5079DA1BA6AC33005350DC /* coderesign.mm */; };
		8C5079DD1BA6AC33005350DC /* main.mm in Sources */ = {isa = PBXBuildFile; fileRef = 8C5079DB1BA6AC33005350DC /* main.mm */; };
		8C7BCCA31BABEDEA00FEC67E /* securityEncodeDecodeMobileProvision.m in Sources */ = {isa = PBXBuildFile; fileRef = 8C7BCCA21BABEDEA00FEC67E /* securityEncodeDecodeMobileProvision.m */; };
		8CD7CE101BA96F2700F50AB8 /* checkAvailableCerts.m in Sources */ = {isa = PBXBuildFile; fileRef = 8CD7CE0F1BA96F2700F50AB8 /* checkAvailableCerts.m */; };
		8CD7CE131BA96F9400F50AB8 /* DebugLog.m in Sources */ = {isa = PBXBuildFile; fileRef = 8CD7CE121BA96F9400F50AB8 /* DebugLog.m */; };
		8CD7CE161BA970AB00F50AB8 /* SharedData.m in Sources */ = {isa = PBXBuildFile; fileRef = 8CD7CE151BA970AB00F50AB8 /* SharedData.m */; };
		8CD7CE191BA975D100F50AB8 /* checkSystemEnvironments.m in Sources */ = {isa = PBXBuildFile; fileRef = 8CD7CE181BA975D100F50AB8 /* checkSystemEnvironments.m */; };
		8CD7CE1C1BA9770200F50AB8 /* zipUtils.m in Sources */ = {isa = PBXBuildFile; fileRef = 8CD7CE1B1BA9770200F50AB8 /* zipUtils.m */; };
		8CD7CE1F1BA978A000F50AB8 /* checkCommandArguments.m in Sources */ = {isa = PBXBuildFile; fileRef = 8CD7CE1E1BA978A000F50AB8 /* checkCommandArguments.m */; };
/* End PBXBuildFile section */

/* Begin PBXCopyFilesBuildPhase section */
		8C5079CD1BA6ABBB005350DC /* CopyFiles */ = {
			isa = PBXCopyFilesBuildPhase;
			buildActionMask = 2147483647;
			dstPath = /usr/share/man/man1/;
			dstSubfolderSpec = 0;
			files = (
			);
			runOnlyForDeploymentPostprocessing = 1;
		};
/* End PBXCopyFilesBuildPhase section */

/* Begin PBXFileReference section */
		8C1620AD1BAACA5400E27CE1 /* Usage.h */ = {isa = PBXFileReference; fileEncoding = 4; lastKnownFileType = sourcecode.c.h; path = Usage.h; sourceTree = "<group>"; };
		8C1620AE1BAACA5400E27CE1 /* Usage.m */ = {isa = PBXFileReference; fileEncoding = 4; lastKnownFileType = sourcecode.c.objc; path = Usage.m; sourceTree = "<group>"; };
		8C16D1141BAA5F6B004A5D3A /* replaceMobileprovision.h */ = {isa = PBXFileReference; fileEncoding = 4; lastKnownFileType = sourcecode.c.h; path = replaceMobileprovision.h; sourceTree = "<group>"; };
		8C16D1151BAA5F6B004A5D3A /* replaceMobileprovision.m */ = {isa = PBXFileReference; fileEncoding = 4; lastKnownFileType = sourcecode.c.objc; path = replaceMobileprovision.m; sourceTree = "<group>"; };
		8C16D1171BAA6508004A5D3A /* parseAppInfo.h */ = {isa = PBXFileReference; fileEncoding = 4; lastKnownFileType = sourcecode.c.h; path = parseAppInfo.h; sourceTree = "<group>"; };
		8C16D1181BAA6508004A5D3A /* parseAppInfo.m */ = {isa = PBXFileReference; fileEncoding = 4; lastKnownFileType = sourcecode.c.objc; path = parseAppInfo.m; sourceTree = "<group>"; };
		8C16D11A1BAA6982004A5D3A /* resignAction.h */ = {isa = PBXFileReference; fileEncoding = 4; lastKnownFileType = sourcecode.c.h; path = resignAction.h; sourceTree = "<group>"; };
		8C16D11B1BAA6982004A5D3A /* resignAction.m */ = {isa = PBXFileReference; fileEncoding = 4; lastKnownFileType = sourcecode.c.objc; path = resignAction.m; sourceTree = "<group>"; };
		8C16D11E1BAA9D9A004A5D3A /* checkAppCPUConstruction.h */ = {isa = PBXFileReference; fileEncoding = 4; lastKnownFileType = sourcecode.c.h; path = checkAppCPUConstruction.h; sourceTree = "<group>"; };
		8C16D11F1BAA9D9A004A5D3A /* checkAppCPUConstruction.m */ = {isa = PBXFileReference; fileEncoding = 4; lastKnownFileType = sourcecode.c.objc; path = checkAppCPUConstruction.m; sourceTree = "<group>"; };
		8C45AB5F1BA804CB004F4D7E /* decompressIcon.h */ = {isa = PBXFileReference; fileEncoding = 4; lastKnownFileType = sourcecode.c.h; path = decompressIcon.h; sourceTree = "<group>"; };
		8C45AB601BA804CB004F4D7E /* decompressIcon.mm */ = {isa = PBXFileReference; fileEncoding = 4; lastKnownFileType = sourcecode.cpp.objcpp; path = decompressIcon.mm; sourceTree = "<group>"; };
		8C45AB651BA8132D004F4D7E /* Python.framework */ = {isa = PBXFileReference; lastKnownFileType = wrapper.framework; name = Python.framework; path = System/Library/Frameworks/Python.framework; sourceTree = SDKROOT; };
		8C5079CF1BA6ABBB005350DC /* coderesign */ = {isa = PBXFileReference; explicitFileType = "compiled.mach-o.executable"; includeInIndex = 0; path = coderesign; sourceTree = BUILT_PRODUCTS_DIR; };
		8C5079D91BA6AC33005350DC /* coderesign.h */ = {isa = PBXFileReference; fileEncoding = 4; lastKnownFileType = sourcecode.c.h; path = coderesign.h; sourceTree = "<group>"; };
		8C5079DA1BA6AC33005350DC /* coderesign.mm */ = {isa = PBXFileReference; fileEncoding = 4; lastKnownFileType = sourcecode.cpp.objcpp; path = coderesign.mm; sourceTree = "<group>"; };
		8C5079DB1BA6AC33005350DC /* main.mm */ = {isa = PBXFileReference; fileEncoding = 4; lastKnownFileType = sourcecode.cpp.objcpp; path = main.mm; sourceTree = "<group>"; };
		8C7BCCA11BABEDEA00FEC67E /* securityEncodeDecodeMobileProvision.h */ = {isa = PBXFileReference; fileEncoding = 4; lastKnownFileType = sourcecode.c.h; path = securityEncodeDecodeMobileProvision.h; sourceTree = "<group>"; };
		8C7BCCA21BABEDEA00FEC67E /* securityEncodeDecodeMobileProvision.m */ = {isa = PBXFileReference; fileEncoding = 4; lastKnownFileType = sourcecode.c.objc; path = securityEncodeDecodeMobileProvision.m; sourceTree = "<group>"; };
		8CD7CE0E1BA96F2700F50AB8 /* checkAvailableCerts.h */ = {isa = PBXFileReference; fileEncoding = 4; lastKnownFileType = sourcecode.c.h; path = checkAvailableCerts.h; sourceTree = "<group>"; };
		8CD7CE0F1BA96F2700F50AB8 /* checkAvailableCerts.m */ = {isa = PBXFileReference; fileEncoding = 4; lastKnownFileType = sourcecode.c.objc; path = checkAvailableCerts.m; sourceTree = "<group>"; };
		8CD7CE111BA96F9400F50AB8 /* DebugLog.h */ = {isa = PBXFileReference; fileEncoding = 4; lastKnownFileType = sourcecode.c.h; path = DebugLog.h; sourceTree = "<group>"; };
		8CD7CE121BA96F9400F50AB8 /* DebugLog.m */ = {isa = PBXFileReference; fileEncoding = 4; lastKnownFileType = sourcecode.c.objc; path = DebugLog.m; sourceTree = "<group>"; };
		8CD7CE141BA970AB00F50AB8 /* SharedData.h */ = {isa = PBXFileReference; fileEncoding = 4; lastKnownFileType = sourcecode.c.h; path = SharedData.h; sourceTree = "<group>"; };
		8CD7CE151BA970AB00F50AB8 /* SharedData.m */ = {isa = PBXFileReference; fileEncoding = 4; lastKnownFileType = sourcecode.c.objc; path = SharedData.m; sourceTree = "<group>"; };
		8CD7CE171BA975D100F50AB8 /* checkSystemEnvironments.h */ = {isa = PBXFileReference; fileEncoding = 4; lastKnownFileType = sourcecode.c.h; path = checkSystemEnvironments.h; sourceTree = "<group>"; };
		8CD7CE181BA975D100F50AB8 /* checkSystemEnvironments.m */ = {isa = PBXFileReference; fileEncoding = 4; lastKnownFileType = sourcecode.c.objc; path = checkSystemEnvironments.m; sourceTree = "<group>"; };
		8CD7CE1A1BA9770200F50AB8 /* zipUtils.h */ = {isa = PBXFileReference; fileEncoding = 4; lastKnownFileType = sourcecode.c.h; path = zipUtils.h; sourceTree = "<group>"; };
		8CD7CE1B1BA9770200F50AB8 /* zipUtils.m */ = {isa = PBXFileReference; fileEncoding = 4; lastKnownFileType = sourcecode.c.objc; path = zipUtils.m; sourceTree = "<group>"; };
		8CD7CE1D1BA978A000F50AB8 /* checkCommandArguments.h */ = {isa = PBXFileReference; fileEncoding = 4; lastKnownFileType = sourcecode.c.h; path = checkCommandArguments.h; sourceTree = "<group>"; };
		8CD7CE1E1BA978A000F50AB8 /* checkCommandArguments.m */ = {isa = PBXFileReference; fileEncoding = 4; lastKnownFileType = sourcecode.c.objc; path = checkCommandArguments.m; sourceTree = "<group>"; };
/* End PBXFileReference section */

/* Begin PBXFrameworksBuildPhase section */
		8C5079CC1BA6ABBB005350DC /* Frameworks */ = {
			isa = PBXFrameworksBuildPhase;
			buildActionMask = 2147483647;
			files = (
				8C45AB661BA8132D004F4D7E /* Python.framework in Frameworks */,
			);
			runOnlyForDeploymentPostprocessing = 0;
		};
/* End PBXFrameworksBuildPhase section */

/* Begin PBXGroup section */
		8C5079C61BA6ABBB005350DC = {
			isa = PBXGroup;
			children = (
				8CD7CE0D1BA96E5000F50AB8 /* frameworks */,
				8C5079D11BA6ABBB005350DC /* coderesign */,
				8C5079D01BA6ABBB005350DC /* Products */,
			);
			sourceTree = "<group>";
		};
		8C5079D01BA6ABBB005350DC /* Products */ = {
			isa = PBXGroup;
			children = (
				8C5079CF1BA6ABBB005350DC /* coderesign */,
			);
			name = Products;
			sourceTree = "<group>";
		};
		8C5079D11BA6ABBB005350DC /* coderesign */ = {
			isa = PBXGroup;
			children = (
				8C5079DB1BA6AC33005350DC /* main.mm */,
				8C5079D91BA6AC33005350DC /* coderesign.h */,
				8C5079DA1BA6AC33005350DC /* coderesign.mm */,
				8C45AB5F1BA804CB004F4D7E /* decompressIcon.h */,
				8C45AB601BA804CB004F4D7E /* decompressIcon.mm */,
				8CD7CE0E1BA96F2700F50AB8 /* checkAvailableCerts.h */,
				8CD7CE0F1BA96F2700F50AB8 /* checkAvailableCerts.m */,
				8CD7CE111BA96F9400F50AB8 /* DebugLog.h */,
				8CD7CE121BA96F9400F50AB8 /* DebugLog.m */,
				8CD7CE141BA970AB00F50AB8 /* SharedData.h */,
				8CD7CE151BA970AB00F50AB8 /* SharedData.m */,
				8CD7CE171BA975D100F50AB8 /* checkSystemEnvironments.h */,
				8CD7CE181BA975D100F50AB8 /* checkSystemEnvironments.m */,
				8CD7CE1A1BA9770200F50AB8 /* zipUtils.h */,
				8CD7CE1B1BA9770200F50AB8 /* zipUtils.m */,
				8CD7CE1D1BA978A000F50AB8 /* checkCommandArguments.h */,
				8CD7CE1E1BA978A000F50AB8 /* checkCommandArguments.m */,
				8C16D1141BAA5F6B004A5D3A /* replaceMobileprovision.h */,
				8C16D1151BAA5F6B004A5D3A /* replaceMobileprovision.m */,
				8C16D1171BAA6508004A5D3A /* parseAppInfo.h */,
				8C16D1181BAA6508004A5D3A /* parseAppInfo.m */,
				8C16D11A1BAA6982004A5D3A /* resignAction.h */,
				8C16D11B1BAA6982004A5D3A /* resignAction.m */,
				8C16D11E1BAA9D9A004A5D3A /* checkAppCPUConstruction.h */,
				8C16D11F1BAA9D9A004A5D3A /* checkAppCPUConstruction.m */,
				8C1620AD1BAACA5400E27CE1 /* Usage.h */,
				8C1620AE1BAACA5400E27CE1 /* Usage.m */,
				8C7BCCA11BABEDEA00FEC67E /* securityEncodeDecodeMobileProvision.h */,
				8C7BCCA21BABEDEA00FEC67E /* securityEncodeDecodeMobileProvision.m */,
			);
			path = coderesign;
			sourceTree = "<group>";
		};
		8CD7CE0D1BA96E5000F50AB8 /* frameworks */ = {
			isa = PBXGroup;
			children = (
				8C45AB651BA8132D004F4D7E /* Python.framework */,
			);
			name = frameworks;
			sourceTree = "<group>";
		};
/* End PBXGroup section */

/* Begin PBXNativeTarget section */
		8C5079CE1BA6ABBB005350DC /* coderesign */ = {
			isa = PBXNativeTarget;
			buildConfigurationList = 8C5079D61BA6ABBB005350DC /* Build configuration list for PBXNativeTarget "coderesign" */;
			buildPhases = (
				8C5079CB1BA6ABBB005350DC /* Sources */,
				8C5079CC1BA6ABBB005350DC /* Frameworks */,
				8C5079CD1BA6ABBB005350DC /* CopyFiles */,
				8C45AB631BA81095004F4D7E /* Resources */,
			);
			buildRules = (
			);
			dependencies = (
			);
			name = coderesign;
			productName = coderesign;
			productReference = 8C5079CF1BA6ABBB005350DC /* coderesign */;
			productType = "com.apple.product-type.tool";
		};
/* End PBXNativeTarget section */

/* Begin PBXProject section */
		8C5079C71BA6ABBB005350DC /* Project object */ = {
			isa = PBXProject;
			attributes = {
				LastUpgradeCheck = 0640;
				ORGANIZATIONNAME = MiaoGuangfa;
				TargetAttributes = {
					8C5079CE1BA6ABBB005350DC = {
						CreatedOnToolsVersion = 6.4;
					};
				};
			};
			buildConfigurationList = 8C5079CA1BA6ABBB005350DC /* Build configuration list for PBXProject "coderesign" */;
			compatibilityVersion = "Xcode 3.2";
			developmentRegion = English;
			hasScannedForEncodings = 0;
			knownRegions = (
				en,
			);
			mainGroup = 8C5079C61BA6ABBB005350DC;
			productRefGroup = 8C5079D01BA6ABBB005350DC /* Products */;
			projectDirPath = "";
			projectRoot = "";
			targets = (
				8C5079CE1BA6ABBB005350DC /* coderesign */,
			);
		};
/* End PBXProject section */

/* Begin PBXResourcesBuildPhase section */
		8C45AB631BA81095004F4D7E /* Resources */ = {
			isa = PBXResourcesBuildPhase;
			buildActionMask = 2147483647;
			files = (
			);
			runOnlyForDeploymentPostprocessing = 0;
		};
/* End PBXResourcesBuildPhase section */

/* Begin PBXSourcesBuildPhase section */
		8C5079CB1BA6ABBB005350DC /* Sources */ = {
			isa = PBXSourcesBuildPhase;
			buildActionMask = 2147483647;
			files = (
				8C16D1191BAA6508004A5D3A /* parseAppInfo.m in Sources */,
				8CD7CE101BA96F2700F50AB8 /* checkAvailableCerts.m in Sources */,
				8CD7CE1C1BA9770200F50AB8 /* zipUtils.m in Sources */,
				8C7BCCA31BABEDEA00FEC67E /* securityEncodeDecodeMobileProvision.m in Sources */,
				8CD7CE191BA975D100F50AB8 /* checkSystemEnvironments.m in Sources */,
				8C16D1201BAA9D9A004A5D3A /* checkAppCPUConstruction.m in Sources */,
				8C1620AF1BAACA5400E27CE1 /* Usage.m in Sources */,
				8CD7CE1F1BA978A000F50AB8 /* checkCommandArguments.m in Sources */,
				8C5079DD1BA6AC33005350DC /* main.mm in Sources */,
				8CD7CE131BA96F9400F50AB8 /* DebugLog.m in Sources */,
				8C16D11C1BAA6982004A5D3A /* resignAction.m in Sources */,
				8C5079DC1BA6AC33005350DC /* coderesign.mm in Sources */,
				8CD7CE161BA970AB00F50AB8 /* SharedData.m in Sources */,
				8C16D1161BAA5F6B004A5D3A /* replaceMobileprovision.m in Sources */,
				8C45AB611BA804CB004F4D7E /* decompressIcon.mm in Sources */,
			);
			runOnlyForDeploymentPostprocessing = 0;
		};
/* End PBXSourcesBuildPhase section */

/* Begin XCBuildConfiguration section */
		8C5079D41BA6ABBB005350DC /* Debug */ = {
			isa = XCBuildConfiguration;
			buildSettings = {
				ALWAYS_SEARCH_USER_PATHS = NO;
				CLANG_CXX_LANGUAGE_STANDARD = "gnu++0x";
				CLANG_CXX_LIBRARY = "libc++";
				CLANG_ENABLE_MODULES = YES;
				CLANG_ENABLE_OBJC_ARC = YES;
				CLANG_WARN_BOOL_CONVERSION = YES;
				CLANG_WARN_CONSTANT_CONVERSION = YES;
				CLANG_WARN_DIRECT_OBJC_ISA_USAGE = YES_ERROR;
				CLANG_WARN_EMPTY_BODY = YES;
				CLANG_WARN_ENUM_CONVERSION = YES;
				CLANG_WARN_INT_CONVERSION = YES;
				CLANG_WARN_OBJC_ROOT_CLASS = YES_ERROR;
				CLANG_WARN_UNREACHABLE_CODE = YES;
				CLANG_WARN__DUPLICATE_METHOD_MATCH = YES;
				COPY_PHASE_STRIP = NO;
				DEBUG_INFORMATION_FORMAT = dwarf;
				ENABLE_STRICT_OBJC_MSGSEND = YES;
				GCC_C_LANGUAGE_STANDARD = gnu99;
				GCC_DYNAMIC_NO_PIC = NO;
				GCC_NO_COMMON_BLOCKS = YES;
				GCC_OPTIMIZATION_LEVEL = 0;
				GCC_PREPROCESSOR_DEFINITIONS = (
					"DEBUG=1",
					"$(inherited)",
				);
				GCC_SYMBOLS_PRIVATE_EXTERN = NO;
				GCC_WARN_64_TO_32_BIT_CONVERSION = YES;
				GCC_WARN_ABOUT_RETURN_TYPE = YES_ERROR;
				GCC_WARN_UNDECLARED_SELECTOR = YES;
				GCC_WARN_UNINITIALIZED_AUTOS = YES_AGGRESSIVE;
				GCC_WARN_UNUSED_FUNCTION = YES;
				GCC_WARN_UNUSED_VARIABLE = YES;
				MACOSX_DEPLOYMENT_TARGET = 10.10;
				MTL_ENABLE_DEBUG_INFO = YES;
				ONLY_ACTIVE_ARCH = YES;
				SDKROOT = macosx;
			};
			name = Debug;
		};
		8C5079D51BA6ABBB005350DC /* Release */ = {
			isa = XCBuildConfiguration;
			buildSettings = {
				ALWAYS_SEARCH_USER_PATHS = NO;
				CLANG_CXX_LANGUAGE_STANDARD = "gnu++0x";
				CLANG_CXX_LIBRARY = "libc++";
				CLANG_ENABLE_MODULES = YES;
				CLANG_ENABLE_OBJC_ARC = YES;
				CLANG_WARN_BOOL_CONVERSION = YES;
				CLANG_WARN_CONSTANT_CONVERSION = YES;
				CLANG_WARN_DIRECT_OBJC_ISA_USAGE = YES_ERROR;
				CLANG_WARN_EMPTY_BODY = YES;
				CLANG_WARN_ENUM_CONVERSION = YES;
				CLANG_WARN_INT_CONVERSION = YES;
				CLANG_WARN_OBJC_ROOT_CLASS = YES_ERROR;
				CLANG_WARN_UNREACHABLE_CODE = YES;
				CLANG_WARN__DUPLICATE_METHOD_MATCH = YES;
				COPY_PHASE_STRIP = NO;
				DEBUG_INFORMATION_FORMAT = "dwarf-with-dsym";
				ENABLE_NS_ASSERTIONS = NO;
				ENABLE_STRICT_OBJC_MSGSEND = YES;
				GCC_C_LANGUAGE_STANDARD = gnu99;
				GCC_NO_COMMON_BLOCKS = YES;
				GCC_WARN_64_TO_32_BIT_CONVERSION = YES;
				GCC_WARN_ABOUT_RETURN_TYPE = YES_ERROR;
				GCC_WARN_UNDECLARED_SELECTOR = YES;
				GCC_WARN_UNINITIALIZED_AUTOS = YES_AGGRESSIVE;
				GCC_WARN_UNUSED_FUNCTION = YES;
				GCC_WARN_UNUSED_VARIABLE = YES;
				MACOSX_DEPLOYMENT_TARGET = 10.10;
				MTL_ENABLE_DEBUG_INFO = NO;
				SDKROOT = macosx;
			};
			name = Release;
		};
		8C5079D71BA6ABBB005350DC /* Debug */ = {
			isa = XCBuildConfiguration;
			buildSettings = {
				PRODUCT_NAME = "$(TARGET_NAME)";
			};
			name = Debug;
		};
		8C5079D81BA6ABBB005350DC /* Release */ = {
			isa = XCBuildConfiguration;
			buildSettings = {
				PRODUCT_NAME = "$(TARGET_NAME)";
			};
			name = Release;
		};
/* End XCBuildConfiguration section */

/* Begin XCConfigurationList section */
		8C5079CA1BA6ABBB005350DC /* Build configuration list for PBXProject "coderesign" */ = {
			isa = XCConfigurationList;
			buildConfigurations = (
				8C5079D41BA6ABBB005350DC /* Debug */,
				8C5079D51BA6ABBB005350DC /* Release */,
			);
			defaultConfigurationIsVisible = 0;
			defaultConfigurationName = Release;
		};
		8C5079D61BA6ABBB005350DC /* Build configuration list for PBXNativeTarget "coderesign" */ = {
			isa = XCConfigurationList;
			buildConfigurations = (
				8C5079D71BA6ABBB005350DC /* Debug */,
				8C5079D81BA6ABBB005350DC /* Release */,
			);
			defaultConfigurationIsVisible = 0;
			defaultConfigurationName = Release;
		};
/* End XCConfigurationList section */
	};
	rootObject = 8C5079C71BA6ABBB005350DC /* Project object */;
}
