// !$*UTF8*$!
{
	archiveVersion = 1;
	classes = {
	};
	objectVersion = 46;
	objects = {

/* Begin PBXBuildFile section */
		8C45AB611BA804CB004F4D7E /* coderesignTools.mm in Sources */ = {isa = PBXBuildFile; fileRef = 8C45AB601BA804CB004F4D7E /* coderesignTools.mm */; };
		8C45AB661BA8132D004F4D7E /* Python.framework in Frameworks */ = {isa = PBXBuildFile; fileRef = 8C45AB651BA8132D004F4D7E /* Python.framework */; };
		8C45AB6B1BA815B1004F4D7E /* Foundation.framework in Frameworks */ = {isa = PBXBuildFile; fileRef = 8C45AB6A1BA815B1004F4D7E /* Foundation.framework */; };
		8C5079DC1BA6AC33005350DC /* coderesign.mm in Sources */ = {isa = PBXBuildFile; fileRef = 8C5079DA1BA6AC33005350DC /* coderesign.mm */; };
		8C5079DD1BA6AC33005350DC /* main.mm in Sources */ = {isa = PBXBuildFile; fileRef = 8C5079DB1BA6AC33005350DC /* main.mm */; };
/* End PBXBuildFile section */

/* Begin PBXCopyFilesBuildPhase section */
		8C5079CD1BA6ABBB005350DC /* CopyFiles */ = {
			isa = PBXCopyFilesBuildPhase;
			buildActionMask = 2147483647;
			dstPath = /usr/share/man/man1/;
			dstSubfolderSpec = 0;
			files = (
			);
			runOnlyForDeploymentPostprocessing = 1;
		};
/* End PBXCopyFilesBuildPhase section */

/* Begin PBXFileReference section */
		8C45AB5F1BA804CB004F4D7E /* coderesignTools.h */ = {isa = PBXFileReference; fileEncoding = 4; lastKnownFileType = sourcecode.c.h; path = coderesignTools.h; sourceTree = "<group>"; };
		8C45AB601BA804CB004F4D7E /* coderesignTools.mm */ = {isa = PBXFileReference; fileEncoding = 4; lastKnownFileType = sourcecode.cpp.objcpp; path = coderesignTools.mm; sourceTree = "<group>"; };
		8C45AB651BA8132D004F4D7E /* Python.framework */ = {isa = PBXFileReference; lastKnownFileType = wrapper.framework; name = Python.framework; path = System/Library/Frameworks/Python.framework; sourceTree = SDKROOT; };
		8C45AB6A1BA815B1004F4D7E /* Foundation.framework */ = {isa = PBXFileReference; lastKnownFileType = wrapper.framework; name = Foundation.framework; path = System/Library/Frameworks/Foundation.framework; sourceTree = SDKROOT; };
		8C5079CF1BA6ABBB005350DC /* coderesign */ = {isa = PBXFileReference; explicitFileType = "compiled.mach-o.executable"; includeInIndex = 0; path = coderesign; sourceTree = BUILT_PRODUCTS_DIR; };
		8C5079D91BA6AC33005350DC /* coderesign.h */ = {isa = PBXFileReference; fileEncoding = 4; lastKnownFileType = sourcecode.c.h; path = coderesign.h; sourceTree = "<group>"; };
		8C5079DA1BA6AC33005350DC /* coderesign.mm */ = {isa = PBXFileReference; fileEncoding = 4; lastKnownFileType = sourcecode.cpp.objcpp; path = coderesign.mm; sourceTree = "<group>"; };
		8C5079DB1BA6AC33005350DC /* main.mm */ = {isa = PBXFileReference; fileEncoding = 4; lastKnownFileType = sourcecode.cpp.objcpp; path = main.mm; sourceTree = "<group>"; };
/* End PBXFileReference section */

/* Begin PBXFrameworksBuildPhase section */
		8C5079CC1BA6ABBB005350DC /* Frameworks */ = {
			isa = PBXFrameworksBuildPhase;
			buildActionMask = 2147483647;
			files = (
				8C45AB6B1BA815B1004F4D7E /* Foundation.framework in Frameworks */,
				8C45AB661BA8132D004F4D7E /* Python.framework in Frameworks */,
			);
			runOnlyForDeploymentPostprocessing = 0;
		};
/* End PBXFrameworksBuildPhase section */

/* Begin PBXGroup section */
		8C5079C61BA6ABBB005350DC = {
			isa = PBXGroup;
			children = (
				8C45AB6A1BA815B1004F4D7E /* Foundation.framework */,
				8C45AB651BA8132D004F4D7E /* Python.framework */,
				8C5079D11BA6ABBB005350DC /* coderesign */,
				8C5079D01BA6ABBB005350DC /* Products */,
			);
			sourceTree = "<group>";
		};
		8C5079D01BA6ABBB005350DC /* Products */ = {
			isa = PBXGroup;
			children = (
				8C5079CF1BA6ABBB005350DC /* coderesign */,
			);
			name = Products;
			sourceTree = "<group>";
		};
		8C5079D11BA6ABBB005350DC /* coderesign */ = {
			isa = PBXGroup;
			children = (
				8C5079D91BA6AC33005350DC /* coderesign.h */,
				8C5079DA1BA6AC33005350DC /* coderesign.mm */,
				8C5079DB1BA6AC33005350DC /* main.mm */,
				8C45AB5F1BA804CB004F4D7E /* coderesignTools.h */,
				8C45AB601BA804CB004F4D7E /* coderesignTools.mm */,
			);
			path = coderesign;
			sourceTree = "<group>";
		};
/* End PBXGroup section */

/* Begin PBXNativeTarget section */
		8C5079CE1BA6ABBB005350DC /* coderesign */ = {
			isa = PBXNativeTarget;
			buildConfigurationList = 8C5079D61BA6ABBB005350DC /* Build configuration list for PBXNativeTarget "coderesign" */;
			buildPhases = (
				8C5079CB1BA6ABBB005350DC /* Sources */,
				8C5079CC1BA6ABBB005350DC /* Frameworks */,
				8C5079CD1BA6ABBB005350DC /* CopyFiles */,
				8C45AB631BA81095004F4D7E /* Resources */,
			);
			buildRules = (
			);
			dependencies = (
			);
			name = coderesign;
			productName = coderesign;
			productReference = 8C5079CF1BA6ABBB005350DC /* coderesign */;
			productType = "com.apple.product-type.tool";
		};
/* End PBXNativeTarget section */

/* Begin PBXProject section */
		8C5079C71BA6ABBB005350DC /* Project object */ = {
			isa = PBXProject;
			attributes = {
				LastUpgradeCheck = 0640;
				ORGANIZATIONNAME = MiaoGuangfa;
				TargetAttributes = {
					8C5079CE1BA6ABBB005350DC = {
						CreatedOnToolsVersion = 6.4;
					};
				};
			};
			buildConfigurationList = 8C5079CA1BA6ABBB005350DC /* Build configuration list for PBXProject "coderesign" */;
			compatibilityVersion = "Xcode 3.2";
			developmentRegion = English;
			hasScannedForEncodings = 0;
			knownRegions = (
				en,
			);
			mainGroup = 8C5079C61BA6ABBB005350DC;
			productRefGroup = 8C5079D01BA6ABBB005350DC /* Products */;
			projectDirPath = "";
			projectRoot = "";
			targets = (
				8C5079CE1BA6ABBB005350DC /* coderesign */,
			);
		};
/* End PBXProject section */

/* Begin PBXResourcesBuildPhase section */
		8C45AB631BA81095004F4D7E /* Resources */ = {
			isa = PBXResourcesBuildPhase;
			buildActionMask = 2147483647;
			files = (
			);
			runOnlyForDeploymentPostprocessing = 0;
		};
/* End PBXResourcesBuildPhase section */

/* Begin PBXSourcesBuildPhase section */
		8C5079CB1BA6ABBB005350DC /* Sources */ = {
			isa = PBXSourcesBuildPhase;
			buildActionMask = 2147483647;
			files = (
				8C5079DD1BA6AC33005350DC /* main.mm in Sources */,
				8C5079DC1BA6AC33005350DC /* coderesign.mm in Sources */,
				8C45AB611BA804CB004F4D7E /* coderesignTools.mm in Sources */,
			);
			runOnlyForDeploymentPostprocessing = 0;
		};
/* End PBXSourcesBuildPhase section */

/* Begin XCBuildConfiguration section */
		8C5079D41BA6ABBB005350DC /* Debug */ = {
			isa = XCBuildConfiguration;
			buildSettings = {
				ALWAYS_SEARCH_USER_PATHS = NO;
				CLANG_CXX_LANGUAGE_STANDARD = "gnu++0x";
				CLANG_CXX_LIBRARY = "libc++";
				CLANG_ENABLE_MODULES = YES;
				CLANG_ENABLE_OBJC_ARC = YES;
				CLANG_WARN_BOOL_CONVERSION = YES;
				CLANG_WARN_CONSTANT_CONVERSION = YES;
				CLANG_WARN_DIRECT_OBJC_ISA_USAGE = YES_ERROR;
				CLANG_WARN_EMPTY_BODY = YES;
				CLANG_WARN_ENUM_CONVERSION = YES;
				CLANG_WARN_INT_CONVERSION = YES;
				CLANG_WARN_OBJC_ROOT_CLASS = YES_ERROR;
				CLANG_WARN_UNREACHABLE_CODE = YES;
				CLANG_WARN__DUPLICATE_METHOD_MATCH = YES;
				COPY_PHASE_STRIP = NO;
				DEBUG_INFORMATION_FORMAT = dwarf;
				ENABLE_STRICT_OBJC_MSGSEND = YES;
				GCC_C_LANGUAGE_STANDARD = gnu99;
				GCC_DYNAMIC_NO_PIC = NO;
				GCC_NO_COMMON_BLOCKS = YES;
				GCC_OPTIMIZATION_LEVEL = 0;
				GCC_PREPROCESSOR_DEFINITIONS = (
					"DEBUG=1",
					"$(inherited)",
				);
				GCC_SYMBOLS_PRIVATE_EXTERN = NO;
				GCC_WARN_64_TO_32_BIT_CONVERSION = YES;
				GCC_WARN_ABOUT_RETURN_TYPE = YES_ERROR;
				GCC_WARN_UNDECLARED_SELECTOR = YES;
				GCC_WARN_UNINITIALIZED_AUTOS = YES_AGGRESSIVE;
				GCC_WARN_UNUSED_FUNCTION = YES;
				GCC_WARN_UNUSED_VARIABLE = YES;
				MACOSX_DEPLOYMENT_TARGET = 10.10;
				MTL_ENABLE_DEBUG_INFO = YES;
				ONLY_ACTIVE_ARCH = YES;
				SDKROOT = macosx;
			};
			name = Debug;
		};
		8C5079D51BA6ABBB005350DC /* Release */ = {
			isa = XCBuildConfiguration;
			buildSettings = {
				ALWAYS_SEARCH_USER_PATHS = NO;
				CLANG_CXX_LANGUAGE_STANDARD = "gnu++0x";
				CLANG_CXX_LIBRARY = "libc++";
				CLANG_ENABLE_MODULES = YES;
				CLANG_ENABLE_OBJC_ARC = YES;
				CLANG_WARN_BOOL_CONVERSION = YES;
				CLANG_WARN_CONSTANT_CONVERSION = YES;
				CLANG_WARN_DIRECT_OBJC_ISA_USAGE = YES_ERROR;
				CLANG_WARN_EMPTY_BODY = YES;
				CLANG_WARN_ENUM_CONVERSION = YES;
				CLANG_WARN_INT_CONVERSION = YES;
				CLANG_WARN_OBJC_ROOT_CLASS = YES_ERROR;
				CLANG_WARN_UNREACHABLE_CODE = YES;
				CLANG_WARN__DUPLICATE_METHOD_MATCH = YES;
				COPY_PHASE_STRIP = NO;
				DEBUG_INFORMATION_FORMAT = "dwarf-with-dsym";
				ENABLE_NS_ASSERTIONS = NO;
				ENABLE_STRICT_OBJC_MSGSEND = YES;
				GCC_C_LANGUAGE_STANDARD = gnu99;
				GCC_NO_COMMON_BLOCKS = YES;
				GCC_WARN_64_TO_32_BIT_CONVERSION = YES;
				GCC_WARN_ABOUT_RETURN_TYPE = YES_ERROR;
				GCC_WARN_UNDECLARED_SELECTOR = YES;
				GCC_WARN_UNINITIALIZED_AUTOS = YES_AGGRESSIVE;
				GCC_WARN_UNUSED_FUNCTION = YES;
				GCC_WARN_UNUSED_VARIABLE = YES;
				MACOSX_DEPLOYMENT_TARGET = 10.10;
				MTL_ENABLE_DEBUG_INFO = NO;
				SDKROOT = macosx;
			};
			name = Release;
		};
		8C5079D71BA6ABBB005350DC /* Debug */ = {
			isa = XCBuildConfiguration;
			buildSettings = {
				PRODUCT_NAME = "$(TARGET_NAME)";
			};
			name = Debug;
		};
		8C5079D81BA6ABBB005350DC /* Release */ = {
			isa = XCBuildConfiguration;
			buildSettings = {
				PRODUCT_NAME = "$(TARGET_NAME)";
			};
			name = Release;
		};
/* End XCBuildConfiguration section */

/* Begin XCConfigurationList section */
		8C5079CA1BA6ABBB005350DC /* Build configuration list for PBXProject "coderesign" */ = {
			isa = XCConfigurationList;
			buildConfigurations = (
				8C5079D41BA6ABBB005350DC /* Debug */,
				8C5079D51BA6ABBB005350DC /* Release */,
			);
			defaultConfigurationIsVisible = 0;
			defaultConfigurationName = Release;
		};
		8C5079D61BA6ABBB005350DC /* Build configuration list for PBXNativeTarget "coderesign" */ = {
			isa = XCConfigurationList;
			buildConfigurations = (
				8C5079D71BA6ABBB005350DC /* Debug */,
				8C5079D81BA6ABBB005350DC /* Release */,
			);
			defaultConfigurationIsVisible = 0;
			defaultConfigurationName = Release;
		};
/* End XCConfigurationList section */
	};
	rootObject = 8C5079C71BA6ABBB005350DC /* Project object */;
}
